
Microsoft Visual Studio Solution File, Format Version 12.00
# Visual Studio Version 16
VisualStudioVersion = 16.0.33328.57
MinimumVisualStudioVersion = 10.0.40219.1
Project("{FAE04EC0-301F-11D3-BF4B-00C04F79EFBC}") = "WpfTest", "WpfTest.csproj", "{E94C7041-62FA-4921-B645-CE1AD683FFD0}"
EndProject
Global
	GlobalSection(SolutionConfigurationPlatforms) = preSolution
		Debug|Any CPU = Debug|Any CPU
		Release|Any CPU = Release|Any CPU
	EndGlobalSection
	GlobalSection(ProjectConfigurationPlatforms) = postSolution
		{E94C7041-62FA-4921-B645-CE1AD683FFD0}.Debug|Any CPU.ActiveCfg = Debug|Any CPU
		{E94C7041-62FA-4921-B645-CE1AD683FFD0}.Debug|Any CPU.Build.0 = Debug|Any CPU
		{E94C7041-62FA-4921-B645-CE1AD683FFD0}.Release|Any CPU.ActiveCfg = Release|Any CPU
		{E94C7041-62FA-4921-B645-CE1AD683FFD0}.Release|Any CPU.Build.0 = Release|Any CPU
	EndGlobalSection
	GlobalSection(SolutionProperties) = preSolution
		HideSolutionNode = FALSE
	EndGlobalSection
	GlobalSection(ExtensibilityGlobals) = postSolution
		SolutionGuid = {922D4030-73D8-4C2B-9AA4-AB1B92ED901B}
	EndGlobalSection
EndGlobal
